
Microsoft Visual Studio Solution File, Format Version 12.00
# Visual Studio Version 16
VisualStudioVersion = 16.0.29806.167
MinimumVisualStudioVersion = 10.0.40219.1
Project("{FAE04EC0-301F-11D3-BF4B-00C04F79EFBC}") = "CrudMvc", "CrudMvc\CrudMvc.csproj", "{F1F4B8E0-7C33-408B-A209-569AE1A3878C}"
EndProject
Project("{FAE04EC0-301F-11D3-BF4B-00C04F79EFBC}") = "webapi", "webapi\webapi.csproj", "{19785980-E575-4C3A-A73C-04494B88081E}"
EndProject
Project("{FAE04EC0-301F-11D3-BF4B-00C04F79EFBC}") = "Negocio", "Negocio\Negocio.csproj", "{13DC04A2-940A-4724-868D-C2554BBF9684}"
EndProject
Project("{FAE04EC0-301F-11D3-BF4B-00C04F79EFBC}") = "Entidades", "Entidades\Entidades.csproj", "{325D08B2-0E38-4A1B-B6E7-99A7FF0CB135}"
EndProject
Project("{FAE04EC0-301F-11D3-BF4B-00C04F79EFBC}") = "Data", "Data\Data.csproj", "{5D783669-E930-42F8-95FD-EA7E6DACE95F}"
EndProject
Project("{2150E333-8FDC-42A3-9474-1A3956D46DE8}") = "1.-DATA", "1.-DATA", "{9A3484F2-C4A5-42C1-B25C-2EC96C54FCCB}"
EndProject
Project("{2150E333-8FDC-42A3-9474-1A3956D46DE8}") = "2.-NEGOCIO", "2.-NEGOCIO", "{9C419390-F8A2-4F44-AE32-DD7652B51887}"
EndProject
Project("{2150E333-8FDC-42A3-9474-1A3956D46DE8}") = "3.-ENTIDADES", "3.-ENTIDADES", "{B40CE42D-F308-4A1E-BE7A-C8B5B89AB185}"
EndProject
Project("{2150E333-8FDC-42A3-9474-1A3956D46DE8}") = "4.-UI", "4.-UI", "{3EBC8CC0-002F-4301-B681-2529A18AB034}"
EndProject
Project("{2150E333-8FDC-42A3-9474-1A3956D46DE8}") = "5.-SERVICES", "5.-SERVICES", "{B949098E-29DC-44EB-B55E-618F6D565E17}"
EndProject
Global
	GlobalSection(SolutionConfigurationPlatforms) = preSolution
		Debug|Any CPU = Debug|Any CPU
		Release|Any CPU = Release|Any CPU
	EndGlobalSection
	GlobalSection(ProjectConfigurationPlatforms) = postSolution
		{F1F4B8E0-7C33-408B-A209-569AE1A3878C}.Debug|Any CPU.ActiveCfg = Debug|Any CPU
		{F1F4B8E0-7C33-408B-A209-569AE1A3878C}.Debug|Any CPU.Build.0 = Debug|Any CPU
		{F1F4B8E0-7C33-408B-A209-569AE1A3878C}.Release|Any CPU.ActiveCfg = Release|Any CPU
		{F1F4B8E0-7C33-408B-A209-569AE1A3878C}.Release|Any CPU.Build.0 = Release|Any CPU
		{19785980-E575-4C3A-A73C-04494B88081E}.Debug|Any CPU.ActiveCfg = Debug|Any CPU
		{19785980-E575-4C3A-A73C-04494B88081E}.Debug|Any CPU.Build.0 = Debug|Any CPU
		{19785980-E575-4C3A-A73C-04494B88081E}.Release|Any CPU.ActiveCfg = Release|Any CPU
		{19785980-E575-4C3A-A73C-04494B88081E}.Release|Any CPU.Build.0 = Release|Any CPU
		{13DC04A2-940A-4724-868D-C2554BBF9684}.Debug|Any CPU.ActiveCfg = Debug|Any CPU
		{13DC04A2-940A-4724-868D-C2554BBF9684}.Debug|Any CPU.Build.0 = Debug|Any CPU
		{13DC04A2-940A-4724-868D-C2554BBF9684}.Release|Any CPU.ActiveCfg = Release|Any CPU
		{13DC04A2-940A-4724-868D-C2554BBF9684}.Release|Any CPU.Build.0 = Release|Any CPU
		{325D08B2-0E38-4A1B-B6E7-99A7FF0CB135}.Debug|Any CPU.ActiveCfg = Debug|Any CPU
		{325D08B2-0E38-4A1B-B6E7-99A7FF0CB135}.Debug|Any CPU.Build.0 = Debug|Any CPU
		{325D08B2-0E38-4A1B-B6E7-99A7FF0CB135}.Release|Any CPU.ActiveCfg = Release|Any CPU
		{325D08B2-0E38-4A1B-B6E7-99A7FF0CB135}.Release|Any CPU.Build.0 = Release|Any CPU
		{5D783669-E930-42F8-95FD-EA7E6DACE95F}.Debug|Any CPU.ActiveCfg = Debug|Any CPU
		{5D783669-E930-42F8-95FD-EA7E6DACE95F}.Debug|Any CPU.Build.0 = Debug|Any CPU
		{5D783669-E930-42F8-95FD-EA7E6DACE95F}.Release|Any CPU.ActiveCfg = Release|Any CPU
		{5D783669-E930-42F8-95FD-EA7E6DACE95F}.Release|Any CPU.Build.0 = Release|Any CPU
	EndGlobalSection
	GlobalSection(SolutionProperties) = preSolution
		HideSolutionNode = FALSE
	EndGlobalSection
	GlobalSection(NestedProjects) = preSolution
		{F1F4B8E0-7C33-408B-A209-569AE1A3878C} = {3EBC8CC0-002F-4301-B681-2529A18AB034}
		{19785980-E575-4C3A-A73C-04494B88081E} = {B949098E-29DC-44EB-B55E-618F6D565E17}
		{13DC04A2-940A-4724-868D-C2554BBF9684} = {9C419390-F8A2-4F44-AE32-DD7652B51887}
		{325D08B2-0E38-4A1B-B6E7-99A7FF0CB135} = {B40CE42D-F308-4A1E-BE7A-C8B5B89AB185}
		{5D783669-E930-42F8-95FD-EA7E6DACE95F} = {9A3484F2-C4A5-42C1-B25C-2EC96C54FCCB}
	EndGlobalSection
	GlobalSection(ExtensibilityGlobals) = postSolution
		SolutionGuid = {ABC88C79-ED08-42DD-80E0-C1242088D50D}
	EndGlobalSection
EndGlobal
